// !$*UTF8*$!
{
	archiveVersion = 1;
	classes = {
	};
	objectVersion = 56;
	objects = {

/* Begin PBXBuildFile section */
		472444C5291929910021C404 /* CalculadoraJurosCompostosApp.swift in Sources */ = {isa = PBXBuildFile; fileRef = 472444C4291929910021C404 /* CalculadoraJurosCompostosApp.swift */; };
		472444C7291929910021C404 /* JurosCompostosView.swift in Sources */ = {isa = PBXBuildFile; fileRef = 472444C6291929910021C404 /* JurosCompostosView.swift */; };
		472444C9291929920021C404 /* Assets.xcassets in Resources */ = {isa = PBXBuildFile; fileRef = 472444C8291929920021C404 /* Assets.xcassets */; };
		472444CC291929920021C404 /* Preview Assets.xcassets in Resources */ = {isa = PBXBuildFile; fileRef = 472444CB291929920021C404 /* Preview Assets.xcassets */; };
		47671352294789BB00C6145C /* MainView.swift in Sources */ = {isa = PBXBuildFile; fileRef = 47671351294789BB00C6145C /* MainView.swift */; };
		4767135429478CD600C6145C /* JurosSimplesView.swift in Sources */ = {isa = PBXBuildFile; fileRef = 4767135329478CD600C6145C /* JurosSimplesView.swift */; };
		4767135629478D6100C6145C /* HelpView.swift in Sources */ = {isa = PBXBuildFile; fileRef = 4767135529478D6100C6145C /* HelpView.swift */; };
		4767135829478DDA00C6145C /* ResultsView.swift in Sources */ = {isa = PBXBuildFile; fileRef = 4767135729478DDA00C6145C /* ResultsView.swift */; };
/* End PBXBuildFile section */

/* Begin PBXFileReference section */
		472444C1291929910021C404 /* CalculadoraJurosCompostos.app */ = {isa = PBXFileReference; explicitFileType = wrapper.application; includeInIndex = 0; path = CalculadoraJurosCompostos.app; sourceTree = BUILT_PRODUCTS_DIR; };
		472444C4291929910021C404 /* CalculadoraJurosCompostosApp.swift */ = {isa = PBXFileReference; lastKnownFileType = sourcecode.swift; path = CalculadoraJurosCompostosApp.swift; sourceTree = "<group>"; };
		472444C6291929910021C404 /* JurosCompostosView.swift */ = {isa = PBXFileReference; lastKnownFileType = sourcecode.swift; path = JurosCompostosView.swift; sourceTree = "<group>"; };
		472444C8291929920021C404 /* Assets.xcassets */ = {isa = PBXFileReference; lastKnownFileType = folder.assetcatalog; path = Assets.xcassets; sourceTree = "<group>"; };
		472444CB291929920021C404 /* Preview Assets.xcassets */ = {isa = PBXFileReference; lastKnownFileType = folder.assetcatalog; path = "Preview Assets.xcassets"; sourceTree = "<group>"; };
		47671351294789BB00C6145C /* MainView.swift */ = {isa = PBXFileReference; lastKnownFileType = sourcecode.swift; path = MainView.swift; sourceTree = "<group>"; };
		4767135329478CD600C6145C /* JurosSimplesView.swift */ = {isa = PBXFileReference; lastKnownFileType = sourcecode.swift; path = JurosSimplesView.swift; sourceTree = "<group>"; };
		4767135529478D6100C6145C /* HelpView.swift */ = {isa = PBXFileReference; lastKnownFileType = sourcecode.swift; path = HelpView.swift; sourceTree = "<group>"; };
		4767135729478DDA00C6145C /* ResultsView.swift */ = {isa = PBXFileReference; lastKnownFileType = sourcecode.swift; path = ResultsView.swift; sourceTree = "<group>"; };
/* End PBXFileReference section */

/* Begin PBXFrameworksBuildPhase section */
		472444BE291929910021C404 /* Frameworks */ = {
			isa = PBXFrameworksBuildPhase;
			buildActionMask = 2147483647;
			files = (
			);
			runOnlyForDeploymentPostprocessing = 0;
		};
/* End PBXFrameworksBuildPhase section */

/* Begin PBXGroup section */
		472444B8291929910021C404 = {
			isa = PBXGroup;
			children = (
				472444C3291929910021C404 /* CalculadoraJurosCompostos */,
				472444C2291929910021C404 /* Products */,
			);
			sourceTree = "<group>";
		};
		472444C2291929910021C404 /* Products */ = {
			isa = PBXGroup;
			children = (
				472444C1291929910021C404 /* CalculadoraJurosCompostos.app */,
			);
			name = Products;
			sourceTree = "<group>";
		};
		472444C3291929910021C404 /* CalculadoraJurosCompostos */ = {
			isa = PBXGroup;
			children = (
				472444C4291929910021C404 /* CalculadoraJurosCompostosApp.swift */,
				472444C6291929910021C404 /* JurosCompostosView.swift */,
				4767135329478CD600C6145C /* JurosSimplesView.swift */,
				4767135729478DDA00C6145C /* ResultsView.swift */,
				47671351294789BB00C6145C /* MainView.swift */,
				4767135529478D6100C6145C /* HelpView.swift */,
				472444C8291929920021C404 /* Assets.xcassets */,
				472444CA291929920021C404 /* Preview Content */,
			);
			path = CalculadoraJurosCompostos;
			sourceTree = "<group>";
		};
		472444CA291929920021C404 /* Preview Content */ = {
			isa = PBXGroup;
			children = (
				472444CB291929920021C404 /* Preview Assets.xcassets */,
			);
			path = "Preview Content";
			sourceTree = "<group>";
		};
/* End PBXGroup section */

/* Begin PBXNativeTarget section */
		472444C0291929910021C404 /* CalculadoraJurosCompostos */ = {
			isa = PBXNativeTarget;
			buildConfigurationList = 472444CF291929920021C404 /* Build configuration list for PBXNativeTarget "CalculadoraJurosCompostos" */;
			buildPhases = (
				472444BD291929910021C404 /* Sources */,
				472444BE291929910021C404 /* Frameworks */,
				472444BF291929910021C404 /* Resources */,
			);
			buildRules = (
			);
			dependencies = (
			);
			name = CalculadoraJurosCompostos;
			productName = CalculadoraJurosCompostos;
			productReference = 472444C1291929910021C404 /* CalculadoraJurosCompostos.app */;
			productType = "com.apple.product-type.application";
		};
/* End PBXNativeTarget section */

/* Begin PBXProject section */
		472444B9291929910021C404 /* Project object */ = {
			isa = PBXProject;
			attributes = {
				BuildIndependentTargetsInParallel = 1;
				LastSwiftUpdateCheck = 1400;
				LastUpgradeCheck = 1400;
				TargetAttributes = {
					472444C0291929910021C404 = {
						CreatedOnToolsVersion = 14.0.1;
					};
				};
			};
			buildConfigurationList = 472444BC291929910021C404 /* Build configuration list for PBXProject "CalculadoraJurosCompostos" */;
			compatibilityVersion = "Xcode 14.0";
			developmentRegion = en;
			hasScannedForEncodings = 0;
			knownRegions = (
				en,
				Base,
			);
			mainGroup = 472444B8291929910021C404;
			productRefGroup = 472444C2291929910021C404 /* Products */;
			projectDirPath = "";
			projectRoot = "";
			targets = (
				472444C0291929910021C404 /* CalculadoraJurosCompostos */,
			);
		};
/* End PBXProject section */

/* Begin PBXResourcesBuildPhase section */
		472444BF291929910021C404 /* Resources */ = {
			isa = PBXResourcesBuildPhase;
			buildActionMask = 2147483647;
			files = (
				472444CC291929920021C404 /* Preview Assets.xcassets in Resources */,
				472444C9291929920021C404 /* Assets.xcassets in Resources */,
			);
			runOnlyForDeploymentPostprocessing = 0;
		};
/* End PBXResourcesBuildPhase section */

/* Begin PBXSourcesBuildPhase section */
		472444BD291929910021C404 /* Sources */ = {
			isa = PBXSourcesBuildPhase;
			buildActionMask = 2147483647;
			files = (
				4767135429478CD600C6145C /* JurosSimplesView.swift in Sources */,
				4767135829478DDA00C6145C /* ResultsView.swift in Sources */,
				472444C7291929910021C404 /* JurosCompostosView.swift in Sources */,
				47671352294789BB00C6145C /* MainView.swift in Sources */,
				4767135629478D6100C6145C /* HelpView.swift in Sources */,
				472444C5291929910021C404 /* CalculadoraJurosCompostosApp.swift in Sources */,
			);
			runOnlyForDeploymentPostprocessing = 0;
		};
/* End PBXSourcesBuildPhase section */

/* Begin XCBuildConfiguration section */
		472444CD291929920021C404 /* Debug */ = {
			isa = XCBuildConfiguration;
			buildSettings = {
				ALWAYS_SEARCH_USER_PATHS = NO;
				CLANG_ANALYZER_NONNULL = YES;
				CLANG_ANALYZER_NUMBER_OBJECT_CONVERSION = YES_AGGRESSIVE;
				CLANG_CXX_LANGUAGE_STANDARD = "gnu++20";
				CLANG_ENABLE_MODULES = YES;
				CLANG_ENABLE_OBJC_ARC = YES;
				CLANG_ENABLE_OBJC_WEAK = YES;
				CLANG_WARN_BLOCK_CAPTURE_AUTORELEASING = YES;
				CLANG_WARN_BOOL_CONVERSION = YES;
				CLANG_WARN_COMMA = YES;
				CLANG_WARN_CONSTANT_CONVERSION = YES;
				CLANG_WARN_DEPRECATED_OBJC_IMPLEMENTATIONS = YES;
				CLANG_WARN_DIRECT_OBJC_ISA_USAGE = YES_ERROR;
				CLANG_WARN_DOCUMENTATION_COMMENTS = YES;
				CLANG_WARN_EMPTY_BODY = YES;
				CLANG_WARN_ENUM_CONVERSION = YES;
				CLANG_WARN_INFINITE_RECURSION = YES;
				CLANG_WARN_INT_CONVERSION = YES;
				CLANG_WARN_NON_LITERAL_NULL_CONVERSION = YES;
				CLANG_WARN_OBJC_IMPLICIT_RETAIN_SELF = YES;
				CLANG_WARN_OBJC_LITERAL_CONVERSION = YES;
				CLANG_WARN_OBJC_ROOT_CLASS = YES_ERROR;
				CLANG_WARN_QUOTED_INCLUDE_IN_FRAMEWORK_HEADER = YES;
				CLANG_WARN_RANGE_LOOP_ANALYSIS = YES;
				CLANG_WARN_STRICT_PROTOTYPES = YES;
				CLANG_WARN_SUSPICIOUS_MOVE = YES;
				CLANG_WARN_UNGUARDED_AVAILABILITY = YES_AGGRESSIVE;
				CLANG_WARN_UNREACHABLE_CODE = YES;
				CLANG_WARN__DUPLICATE_METHOD_MATCH = YES;
				COPY_PHASE_STRIP = NO;
				DEBUG_INFORMATION_FORMAT = dwarf;
				ENABLE_STRICT_OBJC_MSGSEND = YES;
				ENABLE_TESTABILITY = YES;
				GCC_C_LANGUAGE_STANDARD = gnu11;
				GCC_DYNAMIC_NO_PIC = NO;
				GCC_NO_COMMON_BLOCKS = YES;
				GCC_OPTIMIZATION_LEVEL = 0;
				GCC_PREPROCESSOR_DEFINITIONS = (
					"DEBUG=1",
					"$(inherited)",
				);
				GCC_WARN_64_TO_32_BIT_CONVERSION = YES;
				GCC_WARN_ABOUT_RETURN_TYPE = YES_ERROR;
				GCC_WARN_UNDECLARED_SELECTOR = YES;
				GCC_WARN_UNINITIALIZED_AUTOS = YES_AGGRESSIVE;
				GCC_WARN_UNUSED_FUNCTION = YES;
				GCC_WARN_UNUSED_VARIABLE = YES;
				IPHONEOS_DEPLOYMENT_TARGET = 16.0;
				MTL_ENABLE_DEBUG_INFO = INCLUDE_SOURCE;
				MTL_FAST_MATH = YES;
				ONLY_ACTIVE_ARCH = YES;
				SDKROOT = iphoneos;
				SWIFT_ACTIVE_COMPILATION_CONDITIONS = DEBUG;
				SWIFT_OPTIMIZATION_LEVEL = "-Onone";
			};
			name = Debug;
		};
		472444CE291929920021C404 /* Release */ = {
			isa = XCBuildConfiguration;
			buildSettings = {
				ALWAYS_SEARCH_USER_PATHS = NO;
				CLANG_ANALYZER_NONNULL = YES;
				CLANG_ANALYZER_NUMBER_OBJECT_CONVERSION = YES_AGGRESSIVE;
				CLANG_CXX_LANGUAGE_STANDARD = "gnu++20";
				CLANG_ENABLE_MODULES = YES;
				CLANG_ENABLE_OBJC_ARC = YES;
				CLANG_ENABLE_OBJC_WEAK = YES;
				CLANG_WARN_BLOCK_CAPTURE_AUTORELEASING = YES;
				CLANG_WARN_BOOL_CONVERSION = YES;
				CLANG_WARN_COMMA = YES;
				CLANG_WARN_CONSTANT_CONVERSION = YES;
				CLANG_WARN_DEPRECATED_OBJC_IMPLEMENTATIONS = YES;
				CLANG_WARN_DIRECT_OBJC_ISA_USAGE = YES_ERROR;
				CLANG_WARN_DOCUMENTATION_COMMENTS = YES;
				CLANG_WARN_EMPTY_BODY = YES;
				CLANG_WARN_ENUM_CONVERSION = YES;
				CLANG_WARN_INFINITE_RECURSION = YES;
				CLANG_WARN_INT_CONVERSION = YES;
				CLANG_WARN_NON_LITERAL_NULL_CONVERSION = YES;
				CLANG_WARN_OBJC_IMPLICIT_RETAIN_SELF = YES;
				CLANG_WARN_OBJC_LITERAL_CONVERSION = YES;
				CLANG_WARN_OBJC_ROOT_CLASS = YES_ERROR;
				CLANG_WARN_QUOTED_INCLUDE_IN_FRAMEWORK_HEADER = YES;
				CLANG_WARN_RANGE_LOOP_ANALYSIS = YES;
				CLANG_WARN_STRICT_PROTOTYPES = YES;
				CLANG_WARN_SUSPICIOUS_MOVE = YES;
				CLANG_WARN_UNGUARDED_AVAILABILITY = YES_AGGRESSIVE;
				CLANG_WARN_UNREACHABLE_CODE = YES;
				CLANG_WARN__DUPLICATE_METHOD_MATCH = YES;
				COPY_PHASE_STRIP = NO;
				DEBUG_INFORMATION_FORMAT = "dwarf-with-dsym";
				ENABLE_NS_ASSERTIONS = NO;
				ENABLE_STRICT_OBJC_MSGSEND = YES;
				GCC_C_LANGUAGE_STANDARD = gnu11;
				GCC_NO_COMMON_BLOCKS = YES;
				GCC_WARN_64_TO_32_BIT_CONVERSION = YES;
				GCC_WARN_ABOUT_RETURN_TYPE = YES_ERROR;
				GCC_WARN_UNDECLARED_SELECTOR = YES;
				GCC_WARN_UNINITIALIZED_AUTOS = YES_AGGRESSIVE;
				GCC_WARN_UNUSED_FUNCTION = YES;
				GCC_WARN_UNUSED_VARIABLE = YES;
				IPHONEOS_DEPLOYMENT_TARGET = 16.0;
				MTL_ENABLE_DEBUG_INFO = NO;
				MTL_FAST_MATH = YES;
				SDKROOT = iphoneos;
				SWIFT_COMPILATION_MODE = wholemodule;
				SWIFT_OPTIMIZATION_LEVEL = "-O";
				VALIDATE_PRODUCT = YES;
			};
			name = Release;
		};
		472444D0291929920021C404 /* Debug */ = {
			isa = XCBuildConfiguration;
			buildSettings = {
				ASSETCATALOG_COMPILER_APPICON_NAME = AppIcon;
				ASSETCATALOG_COMPILER_GLOBAL_ACCENT_COLOR_NAME = AccentColor;
				CODE_SIGN_STYLE = Automatic;
				CURRENT_PROJECT_VERSION = 1;
				DEVELOPMENT_ASSET_PATHS = "\"CalculadoraJurosCompostos/Preview Content\"";
				DEVELOPMENT_TEAM = 5M8NVJZA75;
				ENABLE_PREVIEWS = YES;
				GENERATE_INFOPLIST_FILE = YES;
				INFOPLIST_KEY_UIApplicationSceneManifest_Generation = YES;
				INFOPLIST_KEY_UIApplicationSupportsIndirectInputEvents = YES;
				INFOPLIST_KEY_UILaunchScreen_Generation = YES;
				INFOPLIST_KEY_UISupportedInterfaceOrientations_iPad = "UIInterfaceOrientationPortrait UIInterfaceOrientationPortraitUpsideDown UIInterfaceOrientationLandscapeLeft UIInterfaceOrientationLandscapeRight";
				INFOPLIST_KEY_UISupportedInterfaceOrientations_iPhone = "UIInterfaceOrientationPortrait UIInterfaceOrientationLandscapeLeft UIInterfaceOrientationLandscapeRight";
				LD_RUNPATH_SEARCH_PATHS = (
					"$(inherited)",
					"@executable_path/Frameworks",
				);
				MARKETING_VERSION = 1.0;
				PRODUCT_BUNDLE_IDENTIFIER = br.ufpe.cin.academy.tvgf.CalculadoraJurosCompostos;
				PRODUCT_NAME = "$(TARGET_NAME)";
				SWIFT_EMIT_LOC_STRINGS = YES;
				SWIFT_VERSION = 5.0;
				TARGETED_DEVICE_FAMILY = "1,2";
			};
			name = Debug;
		};
		472444D1291929920021C404 /* Release */ = {
			isa = XCBuildConfiguration;
			buildSettings = {
				ASSETCATALOG_COMPILER_APPICON_NAME = AppIcon;
				ASSETCATALOG_COMPILER_GLOBAL_ACCENT_COLOR_NAME = AccentColor;
				CODE_SIGN_STYLE = Automatic;
				CURRENT_PROJECT_VERSION = 1;
				DEVELOPMENT_ASSET_PATHS = "\"CalculadoraJurosCompostos/Preview Content\"";
				DEVELOPMENT_TEAM = 5M8NVJZA75;
				ENABLE_PREVIEWS = YES;
				GENERATE_INFOPLIST_FILE = YES;
				INFOPLIST_KEY_UIApplicationSceneManifest_Generation = YES;
				INFOPLIST_KEY_UIApplicationSupportsIndirectInputEvents = YES;
				INFOPLIST_KEY_UILaunchScreen_Generation = YES;
				INFOPLIST_KEY_UISupportedInterfaceOrientations_iPad = "UIInterfaceOrientationPortrait UIInterfaceOrientationPortraitUpsideDown UIInterfaceOrientationLandscapeLeft UIInterfaceOrientationLandscapeRight";
				INFOPLIST_KEY_UISupportedInterfaceOrientations_iPhone = "UIInterfaceOrientationPortrait UIInterfaceOrientationLandscapeLeft UIInterfaceOrientationLandscapeRight";
				LD_RUNPATH_SEARCH_PATHS = (
					"$(inherited)",
					"@executable_path/Frameworks",
				);
				MARKETING_VERSION = 1.0;
				PRODUCT_BUNDLE_IDENTIFIER = br.ufpe.cin.academy.tvgf.CalculadoraJurosCompostos;
				PRODUCT_NAME = "$(TARGET_NAME)";
				SWIFT_EMIT_LOC_STRINGS = YES;
				SWIFT_VERSION = 5.0;
				TARGETED_DEVICE_FAMILY = "1,2";
			};
			name = Release;
		};
/* End XCBuildConfiguration section */

/* Begin XCConfigurationList section */
		472444BC291929910021C404 /* Build configuration list for PBXProject "CalculadoraJurosCompostos" */ = {
			isa = XCConfigurationList;
			buildConfigurations = (
				472444CD291929920021C404 /* Debug */,
				472444CE291929920021C404 /* Release */,
			);
			defaultConfigurationIsVisible = 0;
			defaultConfigurationName = Release;
		};
		472444CF291929920021C404 /* Build configuration list for PBXNativeTarget "CalculadoraJurosCompostos" */ = {
			isa = XCConfigurationList;
			buildConfigurations = (
				472444D0291929920021C404 /* Debug */,
				472444D1291929920021C404 /* Release */,
			);
			defaultConfigurationIsVisible = 0;
			defaultConfigurationName = Release;
		};
/* End XCConfigurationList section */
	};
	rootObject = 472444B9291929910021C404 /* Project object */;
}
